
Microsoft Visual Studio Solution File, Format Version 12.00
# Visual Studio Version 17
VisualStudioVersion = 17.11.35312.102
MinimumVisualStudioVersion = 10.0.40219.1
Project("{9A19103F-16F7-4668-BE54-9A1E7A4F7556}") = "Sereni", "Sereni.csproj", "{B6C6B55B-3DB5-41C7-96FD-EC9BC9F0C64C}"
EndProject
Global
	GlobalSection(SolutionConfigurationPlatforms) = preSolution
		Debug|Any CPU = Debug|Any CPU
		Release|Any CPU = Release|Any CPU
	EndGlobalSection
	GlobalSection(ProjectConfigurationPlatforms) = postSolution
		{B6C6B55B-3DB5-41C7-96FD-EC9BC9F0C64C}.Debug|Any CPU.ActiveCfg = Debug|Any CPU
		{B6C6B55B-3DB5-41C7-96FD-EC9BC9F0C64C}.Debug|Any CPU.Build.0 = Debug|Any CPU
		{B6C6B55B-3DB5-41C7-96FD-EC9BC9F0C64C}.Release|Any CPU.ActiveCfg = Release|Any CPU
		{B6C6B55B-3DB5-41C7-96FD-EC9BC9F0C64C}.Release|Any CPU.Build.0 = Release|Any CPU
	EndGlobalSection
	GlobalSection(SolutionProperties) = preSolution
		HideSolutionNode = FALSE
	EndGlobalSection
	GlobalSection(ExtensibilityGlobals) = postSolution
		SolutionGuid = {820919DA-1F81-4B05-84BA-57EBD79EA9ED}
	EndGlobalSection
EndGlobal
